
Microsoft Visual Studio Solution File, Format Version 11.00
# Visual Studio 2010
Project("{FAE04EC0-301F-11D3-BF4B-00C04F79EFBC}") = "Assembly-CSharp", "Assembly-CSharp.csproj", "{1d9df1aa-dd51-76ae-1bdb-f472e6f04c78}"
EndProject
Project("{FAE04EC0-301F-11D3-BF4B-00C04F79EFBC}") = "2DUnitychanSamples", "2DUnitychanSamples.csproj", "{ed14be68-d20b-e1dc-8f7a-85cd3615dc3f}"
EndProject
Global
	GlobalSection(SolutionConfigurationPlatforms) = preSolution
		Debug|Any CPU = Debug|Any CPU
	EndGlobalSection
	GlobalSection(ProjectConfigurationPlatforms) = postSolution
		{1d9df1aa-dd51-76ae-1bdb-f472e6f04c78}.Debug|Any CPU.ActiveCfg = Debug|Any CPU
		{1d9df1aa-dd51-76ae-1bdb-f472e6f04c78}.Debug|Any CPU.Build.0 = Debug|Any CPU
		{ed14be68-d20b-e1dc-8f7a-85cd3615dc3f}.Debug|Any CPU.ActiveCfg = Debug|Any CPU
		{ed14be68-d20b-e1dc-8f7a-85cd3615dc3f}.Debug|Any CPU.Build.0 = Debug|Any CPU
	EndGlobalSection
	GlobalSection(SolutionProperties) = preSolution
		HideSolutionNode = FALSE
	EndGlobalSection
EndGlobal
