
Microsoft Visual Studio Solution File, Format Version 11.00
# Visual Studio 2010
Project("{FAE04EC0-301F-11D3-BF4B-00C04F79EFBC}") = "Assembly-CSharp", "Assembly-CSharp.csproj", "{638beb0b-ba3f-a3c1-538b-0fdd58a6b35b}"
EndProject
Project("{FAE04EC0-301F-11D3-BF4B-00C04F79EFBC}") = "PhotonUnityNetworking.Demos", "PhotonUnityNetworking.Demos.csproj", "{be4f9e3e-7c13-050c-78bb-09131e96647f}"
EndProject
Project("{FAE04EC0-301F-11D3-BF4B-00C04F79EFBC}") = "PhotonRealtime", "PhotonRealtime.csproj", "{615d7509-d6f0-19d3-4806-f5ffcc15298b}"
EndProject
Project("{FAE04EC0-301F-11D3-BF4B-00C04F79EFBC}") = "PhotonUnityNetworking", "PhotonUnityNetworking.csproj", "{7c5b60b2-79c9-4db7-ae5d-a79974fb1a89}"
EndProject
Project("{FAE04EC0-301F-11D3-BF4B-00C04F79EFBC}") = "PhotonUnityNetworking.Utilities", "PhotonUnityNetworking.Utilities.csproj", "{81a06667-09d4-1aa6-84da-0541399c3a60}"
EndProject
Project("{FAE04EC0-301F-11D3-BF4B-00C04F79EFBC}") = "2DUnitychanSamples", "2DUnitychanSamples.csproj", "{4385bbc3-8fdc-67a3-a609-e8c574f67e15}"
EndProject
Project("{FAE04EC0-301F-11D3-BF4B-00C04F79EFBC}") = "PhotonChat", "PhotonChat.csproj", "{9515b2f0-7150-ac85-f6e9-a4b3c57f74bc}"
EndProject
Project("{FAE04EC0-301F-11D3-BF4B-00C04F79EFBC}") = "PhotonUnityNetworking.Editor", "PhotonUnityNetworking.Editor.csproj", "{b74dddfa-a410-c1d5-c7a8-140899fc6afd}"
EndProject
Project("{FAE04EC0-301F-11D3-BF4B-00C04F79EFBC}") = "PhotonUnityNetworking.Utilities.PhotonPlayer.Editor", "PhotonUnityNetworking.Utilities.PhotonPlayer.Editor.csproj", "{694c1358-cd0b-eb01-8c4b-13c294aa4d78}"
EndProject
Project("{FAE04EC0-301F-11D3-BF4B-00C04F79EFBC}") = "PunDemos.DemoSlotcarEditor", "PunDemos.DemoSlotcarEditor.csproj", "{6892b054-0d1b-74b9-bf7b-9716f77edc07}"
EndProject
Project("{FAE04EC0-301F-11D3-BF4B-00C04F79EFBC}") = "PhotonUnityNetworking.Utilities.Culling.Editor", "PhotonUnityNetworking.Utilities.Culling.Editor.csproj", "{ecaf35df-2a09-95f4-eb43-289c59c43ed6}"
EndProject
Project("{FAE04EC0-301F-11D3-BF4B-00C04F79EFBC}") = "PunDemos.DemoHubEditor", "PunDemos.DemoHubEditor.csproj", "{19785b2c-88e2-1cfa-4f4c-e7800d831a01}"
EndProject
Project("{FAE04EC0-301F-11D3-BF4B-00C04F79EFBC}") = "Assembly-CSharp-Editor", "Assembly-CSharp-Editor.csproj", "{47afbd25-237b-f9ab-304d-6f66b473aea1}"
EndProject
Global
	GlobalSection(SolutionConfigurationPlatforms) = preSolution
		Debug|Any CPU = Debug|Any CPU
	EndGlobalSection
	GlobalSection(ProjectConfigurationPlatforms) = postSolution
		{638beb0b-ba3f-a3c1-538b-0fdd58a6b35b}.Debug|Any CPU.ActiveCfg = Debug|Any CPU
		{638beb0b-ba3f-a3c1-538b-0fdd58a6b35b}.Debug|Any CPU.Build.0 = Debug|Any CPU
		{be4f9e3e-7c13-050c-78bb-09131e96647f}.Debug|Any CPU.ActiveCfg = Debug|Any CPU
		{be4f9e3e-7c13-050c-78bb-09131e96647f}.Debug|Any CPU.Build.0 = Debug|Any CPU
		{615d7509-d6f0-19d3-4806-f5ffcc15298b}.Debug|Any CPU.ActiveCfg = Debug|Any CPU
		{615d7509-d6f0-19d3-4806-f5ffcc15298b}.Debug|Any CPU.Build.0 = Debug|Any CPU
		{7c5b60b2-79c9-4db7-ae5d-a79974fb1a89}.Debug|Any CPU.ActiveCfg = Debug|Any CPU
		{7c5b60b2-79c9-4db7-ae5d-a79974fb1a89}.Debug|Any CPU.Build.0 = Debug|Any CPU
		{81a06667-09d4-1aa6-84da-0541399c3a60}.Debug|Any CPU.ActiveCfg = Debug|Any CPU
		{81a06667-09d4-1aa6-84da-0541399c3a60}.Debug|Any CPU.Build.0 = Debug|Any CPU
		{4385bbc3-8fdc-67a3-a609-e8c574f67e15}.Debug|Any CPU.ActiveCfg = Debug|Any CPU
		{4385bbc3-8fdc-67a3-a609-e8c574f67e15}.Debug|Any CPU.Build.0 = Debug|Any CPU
		{9515b2f0-7150-ac85-f6e9-a4b3c57f74bc}.Debug|Any CPU.ActiveCfg = Debug|Any CPU
		{9515b2f0-7150-ac85-f6e9-a4b3c57f74bc}.Debug|Any CPU.Build.0 = Debug|Any CPU
		{b74dddfa-a410-c1d5-c7a8-140899fc6afd}.Debug|Any CPU.ActiveCfg = Debug|Any CPU
		{b74dddfa-a410-c1d5-c7a8-140899fc6afd}.Debug|Any CPU.Build.0 = Debug|Any CPU
		{694c1358-cd0b-eb01-8c4b-13c294aa4d78}.Debug|Any CPU.ActiveCfg = Debug|Any CPU
		{694c1358-cd0b-eb01-8c4b-13c294aa4d78}.Debug|Any CPU.Build.0 = Debug|Any CPU
		{6892b054-0d1b-74b9-bf7b-9716f77edc07}.Debug|Any CPU.ActiveCfg = Debug|Any CPU
		{6892b054-0d1b-74b9-bf7b-9716f77edc07}.Debug|Any CPU.Build.0 = Debug|Any CPU
		{ecaf35df-2a09-95f4-eb43-289c59c43ed6}.Debug|Any CPU.ActiveCfg = Debug|Any CPU
		{ecaf35df-2a09-95f4-eb43-289c59c43ed6}.Debug|Any CPU.Build.0 = Debug|Any CPU
		{19785b2c-88e2-1cfa-4f4c-e7800d831a01}.Debug|Any CPU.ActiveCfg = Debug|Any CPU
		{19785b2c-88e2-1cfa-4f4c-e7800d831a01}.Debug|Any CPU.Build.0 = Debug|Any CPU
		{47afbd25-237b-f9ab-304d-6f66b473aea1}.Debug|Any CPU.ActiveCfg = Debug|Any CPU
		{47afbd25-237b-f9ab-304d-6f66b473aea1}.Debug|Any CPU.Build.0 = Debug|Any CPU
	EndGlobalSection
	GlobalSection(SolutionProperties) = preSolution
		HideSolutionNode = FALSE
	EndGlobalSection
EndGlobal
